
Microsoft Visual Studio Solution File, Format Version 12.00
# Visual Studio Version 16
VisualStudioVersion = 16.0.33529.622
MinimumVisualStudioVersion = 10.0.40219.1
Project("{FAE04EC0-301F-11D3-BF4B-00C04F79EFBC}") = "TaskManager_", "TaskManager_\TaskManager_.csproj", "{B58F0006-4D67-401B-AECF-C61F50D05AED}"
EndProject
Project("{2150E333-8FDC-42A3-9474-1A3956D46DE8}") = "Solution Items", "Solution Items", "{8783B9FF-602A-4147-B153-5587260F03E0}"
EndProject
Global
	GlobalSection(SolutionConfigurationPlatforms) = preSolution
		Debug|Any CPU = Debug|Any CPU
		Release|Any CPU = Release|Any CPU
	EndGlobalSection
	GlobalSection(ProjectConfigurationPlatforms) = postSolution
		{B58F0006-4D67-401B-AECF-C61F50D05AED}.Debug|Any CPU.ActiveCfg = Debug|Any CPU
		{B58F0006-4D67-401B-AECF-C61F50D05AED}.Debug|Any CPU.Build.0 = Debug|Any CPU
		{B58F0006-4D67-401B-AECF-C61F50D05AED}.Release|Any CPU.ActiveCfg = Release|Any CPU
		{B58F0006-4D67-401B-AECF-C61F50D05AED}.Release|Any CPU.Build.0 = Release|Any CPU
	EndGlobalSection
	GlobalSection(SolutionProperties) = preSolution
		HideSolutionNode = FALSE
	EndGlobalSection
	GlobalSection(ExtensibilityGlobals) = postSolution
		SolutionGuid = {825C56A1-C0C9-4266-822D-B3AF1FB96C2F}
	EndGlobalSection
EndGlobal
